
Microsoft Visual Studio Solution File, Format Version 12.00
# Visual Studio 15
VisualStudioVersion = 15.0.26430.15
MinimumVisualStudioVersion = 10.0.40219.1
Project("{9A19103F-16F7-4668-BE54-9A1E7A4F7556}") = "ATag.Core", "ATag.Core\ATag.Core.csproj", "{5983565D-5B5E-4809-9DE3-E8E79470C401}"
EndProject
Project("{2150E333-8FDC-42A3-9474-1A3956D46DE8}") = "Solution Items", "Solution Items", "{3194B4A9-EC78-4149-BEA8-B9487EB43A16}"
	ProjectSection(SolutionItems) = preProject
		.gitignore = .gitignore
		ATag.sln.DotSettings = ATag.sln.DotSettings
		README.md = README.md
	EndProjectSection
EndProject
Project("{9A19103F-16F7-4668-BE54-9A1E7A4F7556}") = "ATag.EntityFrameworkCore", "ATag.EntityFrameworkCore\ATag.EntityFrameworkCore.csproj", "{B02A5C78-D33F-4D24-A166-121764B99006}"
EndProject
Project("{9A19103F-16F7-4668-BE54-9A1E7A4F7556}") = "ATag.Tests", "ATag.Tests\ATag.Tests.csproj", "{D4DC111F-5DB2-4544-94D3-C6D899CA1A52}"
EndProject
Global
	GlobalSection(SolutionConfigurationPlatforms) = preSolution
		Debug|Any CPU = Debug|Any CPU
		Release|Any CPU = Release|Any CPU
	EndGlobalSection
	GlobalSection(ProjectConfigurationPlatforms) = postSolution
		{5983565D-5B5E-4809-9DE3-E8E79470C401}.Debug|Any CPU.ActiveCfg = Debug|Any CPU
		{5983565D-5B5E-4809-9DE3-E8E79470C401}.Debug|Any CPU.Build.0 = Debug|Any CPU
		{5983565D-5B5E-4809-9DE3-E8E79470C401}.Release|Any CPU.ActiveCfg = Release|Any CPU
		{5983565D-5B5E-4809-9DE3-E8E79470C401}.Release|Any CPU.Build.0 = Release|Any CPU
		{B02A5C78-D33F-4D24-A166-121764B99006}.Debug|Any CPU.ActiveCfg = Debug|Any CPU
		{B02A5C78-D33F-4D24-A166-121764B99006}.Debug|Any CPU.Build.0 = Debug|Any CPU
		{B02A5C78-D33F-4D24-A166-121764B99006}.Release|Any CPU.ActiveCfg = Release|Any CPU
		{B02A5C78-D33F-4D24-A166-121764B99006}.Release|Any CPU.Build.0 = Release|Any CPU
		{D4DC111F-5DB2-4544-94D3-C6D899CA1A52}.Debug|Any CPU.ActiveCfg = Debug|Any CPU
		{D4DC111F-5DB2-4544-94D3-C6D899CA1A52}.Debug|Any CPU.Build.0 = Debug|Any CPU
		{D4DC111F-5DB2-4544-94D3-C6D899CA1A52}.Release|Any CPU.ActiveCfg = Release|Any CPU
		{D4DC111F-5DB2-4544-94D3-C6D899CA1A52}.Release|Any CPU.Build.0 = Release|Any CPU
	EndGlobalSection
	GlobalSection(SolutionProperties) = preSolution
		HideSolutionNode = FALSE
	EndGlobalSection
EndGlobal
